
Microsoft Visual Studio Solution File, Format Version 12.00
# Visual Studio 14
VisualStudioVersion = 14.0.25420.1
MinimumVisualStudioVersion = 10.0.40219.1
Project("{2150E333-8FDC-42A3-9474-1A3956D46DE8}") = "src", "src", "{2F3BBD13-3D82-4629-9F76-5BDE1BF8CCF4}"
EndProject
Project("{2150E333-8FDC-42A3-9474-1A3956D46DE8}") = "Solution Items", "Solution Items", "{A523D1AA-1BD6-4440-BA7F-1BB035E8A174}"
	ProjectSection(SolutionItems) = preProject
		global.json = global.json
	EndProjectSection
EndProject
Project("{8BB2217D-0F2D-49D1-97BC-3654ED321F3B}") = "FirstNetCoreAng", "src\FirstNetCoreAng\FirstNetCoreAng.xproj", "{93664D2C-6230-4E8B-A6EF-380A729D6915}"
EndProject
Global
	GlobalSection(SolutionConfigurationPlatforms) = preSolution
		Debug|Any CPU = Debug|Any CPU
		Release|Any CPU = Release|Any CPU
	EndGlobalSection
	GlobalSection(ProjectConfigurationPlatforms) = postSolution
		{93664D2C-6230-4E8B-A6EF-380A729D6915}.Debug|Any CPU.ActiveCfg = Debug|Any CPU
		{93664D2C-6230-4E8B-A6EF-380A729D6915}.Debug|Any CPU.Build.0 = Debug|Any CPU
		{93664D2C-6230-4E8B-A6EF-380A729D6915}.Release|Any CPU.ActiveCfg = Release|Any CPU
		{93664D2C-6230-4E8B-A6EF-380A729D6915}.Release|Any CPU.Build.0 = Release|Any CPU
	EndGlobalSection
	GlobalSection(SolutionProperties) = preSolution
		HideSolutionNode = FALSE
	EndGlobalSection
	GlobalSection(NestedProjects) = preSolution
		{93664D2C-6230-4E8B-A6EF-380A729D6915} = {2F3BBD13-3D82-4629-9F76-5BDE1BF8CCF4}
	EndGlobalSection
EndGlobal
